
Microsoft Visual Studio Solution File, Format Version 12.00
# Visual Studio Version 16
VisualStudioVersion = 16.0.30523.141
MinimumVisualStudioVersion = 10.0.40219.1
Project("{FAE04EC0-301F-11D3-BF4B-00C04F79EFBC}") = "Vehicle-Resolution-Libarary", "Vehicle-Resolution-Libarary\Vehicle-Resolution-Libarary.csproj", "{D1FFAD1F-4DA1-41FA-9EFE-1B1906FA00BE}"
EndProject
Global
	GlobalSection(SolutionConfigurationPlatforms) = preSolution
		Debug|Any CPU = Debug|Any CPU
		Release|Any CPU = Release|Any CPU
	EndGlobalSection
	GlobalSection(ProjectConfigurationPlatforms) = postSolution
		{D1FFAD1F-4DA1-41FA-9EFE-1B1906FA00BE}.Debug|Any CPU.ActiveCfg = Debug|Any CPU
		{D1FFAD1F-4DA1-41FA-9EFE-1B1906FA00BE}.Debug|Any CPU.Build.0 = Debug|Any CPU
		{D1FFAD1F-4DA1-41FA-9EFE-1B1906FA00BE}.Release|Any CPU.ActiveCfg = Release|Any CPU
		{D1FFAD1F-4DA1-41FA-9EFE-1B1906FA00BE}.Release|Any CPU.Build.0 = Release|Any CPU
	EndGlobalSection
	GlobalSection(SolutionProperties) = preSolution
		HideSolutionNode = FALSE
	EndGlobalSection
	GlobalSection(ExtensibilityGlobals) = postSolution
		SolutionGuid = {BC5F68C0-1EDC-495E-BFAF-53842E7AFEA2}
	EndGlobalSection
EndGlobal
